
Microsoft Visual Studio Solution File, Format Version 12.00
# Visual Studio Version 17
VisualStudioVersion = 17.8.34330.188
MinimumVisualStudioVersion = 10.0.40219.1
Project("{2150E333-8FDC-42A3-9474-1A3956D46DE8}") = "Dexma_cpt_ClientSide", "Dexma_cpt_ClientSide", "{21AC6D71-A34B-485C-903B-4CEBEA83BB14}"
EndProject
Project("{2150E333-8FDC-42A3-9474-1A3956D46DE8}") = "Dexma_cpt_Libraries", "Dexma_cpt_Libraries", "{AB65D420-B8AB-4004-85D8-016C0380D72D}"
EndProject
Project("{2150E333-8FDC-42A3-9474-1A3956D46DE8}") = "Dexma_cpt_ServerSide", "Dexma_cpt_ServerSide", "{CF51F9BA-69D2-4FA5-B2B8-CD903B9A17E6}"
EndProject
Project("{2150E333-8FDC-42A3-9474-1A3956D46DE8}") = "Dexma_cpt_EncryptLibrary", "Dexma_cpt_EncryptLibrary", "{312AA53A-B67A-46ED-97AB-D884907C9F36}"
EndProject
Project("{2150E333-8FDC-42A3-9474-1A3956D46DE8}") = "Dexma_cpt_DBLibrary", "Dexma_cpt_DBLibrary", "{30D0C472-4AFF-4FE0-8F97-7F78FA1BC62F}"
EndProject
Project("{9A19103F-16F7-4668-BE54-9A1E7A4F7556}") = "Dexma_cpt_EncryptLibrary", "Dexma_cpt_EncryptLibrary\Dexma_cpt_EncryptLibrary.csproj", "{DDC72931-55F4-4BD5-B4EE-ABFCD8722B42}"
EndProject
Project("{9A19103F-16F7-4668-BE54-9A1E7A4F7556}") = "Dexma_cpt_DBLibrary", "Dexma_cpt_DBLibrary\Dexma_cpt_DBLibrary.csproj", "{182D04FD-0F04-448C-9846-233A0FC242C6}"
EndProject
Project("{9A19103F-16F7-4668-BE54-9A1E7A4F7556}") = "Dexma_cpt_ClientSide", "Dexma_cpt_ClientSide\Dexma_cpt_ClientSide\Dexma_cpt_ClientSide.csproj", "{C330A0FE-256A-4689-B026-253C5E7A6D6F}"
EndProject
Project("{9A19103F-16F7-4668-BE54-9A1E7A4F7556}") = "Dexma_cpt_ClientSide.Desktop", "Dexma_cpt_ClientSide\Dexma_cpt_ClientSide.Desktop\Dexma_cpt_ClientSide.Desktop.csproj", "{7206338C-AF09-419C-BF15-757AF02869A6}"
EndProject
Project("{2150E333-8FDC-42A3-9474-1A3956D46DE8}") = "Dexma_cpt_CommonModels", "Dexma_cpt_CommonModels", "{F57B8EC3-8D42-4ECC-9631-BA1FCDBD84C9}"
EndProject
Project("{9A19103F-16F7-4668-BE54-9A1E7A4F7556}") = "Dexma_cpt_CommonModels", "Dexma_cpt_CommonModels\Dexma_cpt_CommonModels.csproj", "{2A7B9FBB-686B-4AE7-9F12-A8B895FE5E41}"
EndProject
Project("{9A19103F-16F7-4668-BE54-9A1E7A4F7556}") = "Dexma_cpt_ServerSide", "Dexma_cpt_ServerSide\Dexma_cpt_ServerSide.csproj", "{7967914E-5C4D-4739-B88C-AD7B847A8990}"
EndProject
Project("{2150E333-8FDC-42A3-9474-1A3956D46DE8}") = "Элементы решения", "Элементы решения", "{2511810E-4C10-4AA6-8967-C691FB2EA90E}"
	ProjectSection(SolutionItems) = preProject
		README.md = README.md
	EndProjectSection
EndProject
Global
	GlobalSection(SolutionConfigurationPlatforms) = preSolution
		Debug|Any CPU = Debug|Any CPU
		Release|Any CPU = Release|Any CPU
	EndGlobalSection
	GlobalSection(ProjectConfigurationPlatforms) = postSolution
		{DDC72931-55F4-4BD5-B4EE-ABFCD8722B42}.Debug|Any CPU.ActiveCfg = Debug|Any CPU
		{DDC72931-55F4-4BD5-B4EE-ABFCD8722B42}.Debug|Any CPU.Build.0 = Debug|Any CPU
		{DDC72931-55F4-4BD5-B4EE-ABFCD8722B42}.Release|Any CPU.ActiveCfg = Release|Any CPU
		{DDC72931-55F4-4BD5-B4EE-ABFCD8722B42}.Release|Any CPU.Build.0 = Release|Any CPU
		{182D04FD-0F04-448C-9846-233A0FC242C6}.Debug|Any CPU.ActiveCfg = Debug|Any CPU
		{182D04FD-0F04-448C-9846-233A0FC242C6}.Debug|Any CPU.Build.0 = Debug|Any CPU
		{182D04FD-0F04-448C-9846-233A0FC242C6}.Release|Any CPU.ActiveCfg = Release|Any CPU
		{182D04FD-0F04-448C-9846-233A0FC242C6}.Release|Any CPU.Build.0 = Release|Any CPU
		{C330A0FE-256A-4689-B026-253C5E7A6D6F}.Debug|Any CPU.ActiveCfg = Debug|Any CPU
		{C330A0FE-256A-4689-B026-253C5E7A6D6F}.Debug|Any CPU.Build.0 = Debug|Any CPU
		{C330A0FE-256A-4689-B026-253C5E7A6D6F}.Release|Any CPU.ActiveCfg = Release|Any CPU
		{C330A0FE-256A-4689-B026-253C5E7A6D6F}.Release|Any CPU.Build.0 = Release|Any CPU
		{7206338C-AF09-419C-BF15-757AF02869A6}.Debug|Any CPU.ActiveCfg = Debug|Any CPU
		{7206338C-AF09-419C-BF15-757AF02869A6}.Debug|Any CPU.Build.0 = Debug|Any CPU
		{7206338C-AF09-419C-BF15-757AF02869A6}.Release|Any CPU.ActiveCfg = Release|Any CPU
		{7206338C-AF09-419C-BF15-757AF02869A6}.Release|Any CPU.Build.0 = Release|Any CPU
		{2A7B9FBB-686B-4AE7-9F12-A8B895FE5E41}.Debug|Any CPU.ActiveCfg = Debug|Any CPU
		{2A7B9FBB-686B-4AE7-9F12-A8B895FE5E41}.Debug|Any CPU.Build.0 = Debug|Any CPU
		{2A7B9FBB-686B-4AE7-9F12-A8B895FE5E41}.Release|Any CPU.ActiveCfg = Release|Any CPU
		{2A7B9FBB-686B-4AE7-9F12-A8B895FE5E41}.Release|Any CPU.Build.0 = Release|Any CPU
		{7967914E-5C4D-4739-B88C-AD7B847A8990}.Debug|Any CPU.ActiveCfg = Debug|Any CPU
		{7967914E-5C4D-4739-B88C-AD7B847A8990}.Debug|Any CPU.Build.0 = Debug|Any CPU
		{7967914E-5C4D-4739-B88C-AD7B847A8990}.Release|Any CPU.ActiveCfg = Release|Any CPU
		{7967914E-5C4D-4739-B88C-AD7B847A8990}.Release|Any CPU.Build.0 = Release|Any CPU
	EndGlobalSection
	GlobalSection(SolutionProperties) = preSolution
		HideSolutionNode = FALSE
	EndGlobalSection
	GlobalSection(NestedProjects) = preSolution
		{312AA53A-B67A-46ED-97AB-D884907C9F36} = {AB65D420-B8AB-4004-85D8-016C0380D72D}
		{30D0C472-4AFF-4FE0-8F97-7F78FA1BC62F} = {AB65D420-B8AB-4004-85D8-016C0380D72D}
		{DDC72931-55F4-4BD5-B4EE-ABFCD8722B42} = {312AA53A-B67A-46ED-97AB-D884907C9F36}
		{182D04FD-0F04-448C-9846-233A0FC242C6} = {30D0C472-4AFF-4FE0-8F97-7F78FA1BC62F}
		{C330A0FE-256A-4689-B026-253C5E7A6D6F} = {21AC6D71-A34B-485C-903B-4CEBEA83BB14}
		{7206338C-AF09-419C-BF15-757AF02869A6} = {21AC6D71-A34B-485C-903B-4CEBEA83BB14}
		{F57B8EC3-8D42-4ECC-9631-BA1FCDBD84C9} = {AB65D420-B8AB-4004-85D8-016C0380D72D}
		{2A7B9FBB-686B-4AE7-9F12-A8B895FE5E41} = {F57B8EC3-8D42-4ECC-9631-BA1FCDBD84C9}
		{7967914E-5C4D-4739-B88C-AD7B847A8990} = {CF51F9BA-69D2-4FA5-B2B8-CD903B9A17E6}
	EndGlobalSection
	GlobalSection(ExtensibilityGlobals) = postSolution
		SolutionGuid = {68EB457F-651A-4333-ACF8-E7159DA588E0}
	EndGlobalSection
EndGlobal
